
Microsoft Visual Studio Solution File, Format Version 12.00
# Blend for Visual Studio Version 17
VisualStudioVersion = 17.5.33530.505
MinimumVisualStudioVersion = 10.0.40219.1
Project("{9A19103F-16F7-4668-BE54-9A1E7A4F7556}") = "Coffee-Machine", "Coffee-Machine.csproj", "{B54C91F0-D3E6-46CA-A606-20919E456778}"
EndProject
Global
	GlobalSection(SolutionConfigurationPlatforms) = preSolution
		Debug|Any CPU = Debug|Any CPU
		Release|Any CPU = Release|Any CPU
	EndGlobalSection
	GlobalSection(ProjectConfigurationPlatforms) = postSolution
		{B54C91F0-D3E6-46CA-A606-20919E456778}.Debug|Any CPU.ActiveCfg = Debug|Any CPU
		{B54C91F0-D3E6-46CA-A606-20919E456778}.Debug|Any CPU.Build.0 = Debug|Any CPU
		{B54C91F0-D3E6-46CA-A606-20919E456778}.Release|Any CPU.ActiveCfg = Release|Any CPU
		{B54C91F0-D3E6-46CA-A606-20919E456778}.Release|Any CPU.Build.0 = Release|Any CPU
	EndGlobalSection
	GlobalSection(SolutionProperties) = preSolution
		HideSolutionNode = FALSE
	EndGlobalSection
	GlobalSection(ExtensibilityGlobals) = postSolution
		SolutionGuid = {BC44A28E-3E55-4594-9341-D61478E867F3}
	EndGlobalSection
EndGlobal
